
Microsoft Visual Studio Solution File, Format Version 12.00
# Visual Studio Version 17
VisualStudioVersion = 17.11.35222.181
MinimumVisualStudioVersion = 10.0.40219.1
Project("{FAE04EC0-301F-11D3-BF4B-00C04F79EFBC}") = "Boolean Logic Assginment", "Boolean Logic Assginment\Boolean Logic Assginment.csproj", "{91509611-2E7A-430D-B961-DB0F319462E2}"
EndProject
Global
	GlobalSection(SolutionConfigurationPlatforms) = preSolution
		Debug|Any CPU = Debug|Any CPU
		Release|Any CPU = Release|Any CPU
	EndGlobalSection
	GlobalSection(ProjectConfigurationPlatforms) = postSolution
		{91509611-2E7A-430D-B961-DB0F319462E2}.Debug|Any CPU.ActiveCfg = Debug|Any CPU
		{91509611-2E7A-430D-B961-DB0F319462E2}.Debug|Any CPU.Build.0 = Debug|Any CPU
		{91509611-2E7A-430D-B961-DB0F319462E2}.Release|Any CPU.ActiveCfg = Release|Any CPU
		{91509611-2E7A-430D-B961-DB0F319462E2}.Release|Any CPU.Build.0 = Release|Any CPU
	EndGlobalSection
	GlobalSection(SolutionProperties) = preSolution
		HideSolutionNode = FALSE
	EndGlobalSection
	GlobalSection(ExtensibilityGlobals) = postSolution
		SolutionGuid = {EBFCA75E-07E8-4EC0-B444-CCDD3123334F}
	EndGlobalSection
EndGlobal
