
Microsoft Visual Studio Solution File, Format Version 12.00
# Visual Studio Version 17
VisualStudioVersion = 17.11.35222.181
MinimumVisualStudioVersion = 10.0.40219.1
Project("{FAE04EC0-301F-11D3-BF4B-00C04F79EFBC}") = "StructsAssignment", "StructsAssignment\StructsAssignment.csproj", "{C358CC9B-BC1D-4889-938E-31F24E7B13EA}"
EndProject
Global
	GlobalSection(SolutionConfigurationPlatforms) = preSolution
		Debug|Any CPU = Debug|Any CPU
		Release|Any CPU = Release|Any CPU
	EndGlobalSection
	GlobalSection(ProjectConfigurationPlatforms) = postSolution
		{C358CC9B-BC1D-4889-938E-31F24E7B13EA}.Debug|Any CPU.ActiveCfg = Debug|Any CPU
		{C358CC9B-BC1D-4889-938E-31F24E7B13EA}.Debug|Any CPU.Build.0 = Debug|Any CPU
		{C358CC9B-BC1D-4889-938E-31F24E7B13EA}.Release|Any CPU.ActiveCfg = Release|Any CPU
		{C358CC9B-BC1D-4889-938E-31F24E7B13EA}.Release|Any CPU.Build.0 = Release|Any CPU
	EndGlobalSection
	GlobalSection(SolutionProperties) = preSolution
		HideSolutionNode = FALSE
	EndGlobalSection
	GlobalSection(ExtensibilityGlobals) = postSolution
		SolutionGuid = {97EF5E0E-E6D2-4E44-AB40-2EE58652F1FE}
	EndGlobalSection
EndGlobal
