
Microsoft Visual Studio Solution File, Format Version 12.00
# Visual Studio Version 17
VisualStudioVersion = 17.11.35222.181
MinimumVisualStudioVersion = 10.0.40219.1
Project("{FAE04EC0-301F-11D3-BF4B-00C04F79EFBC}") = "DatetimeAssignment", "DatetimeAssignment\DatetimeAssignment.csproj", "{B552FA2B-6A1B-41CD-B92D-2571D0A33B1E}"
EndProject
Global
	GlobalSection(SolutionConfigurationPlatforms) = preSolution
		Debug|Any CPU = Debug|Any CPU
		Release|Any CPU = Release|Any CPU
	EndGlobalSection
	GlobalSection(ProjectConfigurationPlatforms) = postSolution
		{B552FA2B-6A1B-41CD-B92D-2571D0A33B1E}.Debug|Any CPU.ActiveCfg = Debug|Any CPU
		{B552FA2B-6A1B-41CD-B92D-2571D0A33B1E}.Debug|Any CPU.Build.0 = Debug|Any CPU
		{B552FA2B-6A1B-41CD-B92D-2571D0A33B1E}.Release|Any CPU.ActiveCfg = Release|Any CPU
		{B552FA2B-6A1B-41CD-B92D-2571D0A33B1E}.Release|Any CPU.Build.0 = Release|Any CPU
	EndGlobalSection
	GlobalSection(SolutionProperties) = preSolution
		HideSolutionNode = FALSE
	EndGlobalSection
	GlobalSection(ExtensibilityGlobals) = postSolution
		SolutionGuid = {F3B09110-A79A-4B7C-B47A-E804E8A2B23A}
	EndGlobalSection
EndGlobal
