
Microsoft Visual Studio Solution File, Format Version 12.00
# Visual Studio Version 17
VisualStudioVersion = 17.11.35222.181
MinimumVisualStudioVersion = 10.0.40219.1
Project("{FAE04EC0-301F-11D3-BF4B-00C04F79EFBC}") = "CarInsurance", "CarInsurance\CarInsurance.csproj", "{8CA7851C-1B7D-4A13-8635-31D0017177BC}"
EndProject
Global
	GlobalSection(SolutionConfigurationPlatforms) = preSolution
		Debug|Any CPU = Debug|Any CPU
		Release|Any CPU = Release|Any CPU
	EndGlobalSection
	GlobalSection(ProjectConfigurationPlatforms) = postSolution
		{8CA7851C-1B7D-4A13-8635-31D0017177BC}.Debug|Any CPU.ActiveCfg = Debug|Any CPU
		{8CA7851C-1B7D-4A13-8635-31D0017177BC}.Debug|Any CPU.Build.0 = Debug|Any CPU
		{8CA7851C-1B7D-4A13-8635-31D0017177BC}.Release|Any CPU.ActiveCfg = Release|Any CPU
		{8CA7851C-1B7D-4A13-8635-31D0017177BC}.Release|Any CPU.Build.0 = Release|Any CPU
	EndGlobalSection
	GlobalSection(SolutionProperties) = preSolution
		HideSolutionNode = FALSE
	EndGlobalSection
	GlobalSection(ExtensibilityGlobals) = postSolution
		SolutionGuid = {3AE507F0-E286-4711-8DF8-44BEAD4ABC75}
	EndGlobalSection
EndGlobal
