
Microsoft Visual Studio Solution File, Format Version 12.00
# Visual Studio Version 17
VisualStudioVersion = 17.11.35222.181
MinimumVisualStudioVersion = 10.0.40219.1
Project("{FAE04EC0-301F-11D3-BF4B-00C04F79EFBC}") = "Branching Assignment", "Branching Assignment\Branching Assignment.csproj", "{621EA910-6869-4DCA-B312-4FF15A424844}"
EndProject
Global
	GlobalSection(SolutionConfigurationPlatforms) = preSolution
		Debug|Any CPU = Debug|Any CPU
		Release|Any CPU = Release|Any CPU
	EndGlobalSection
	GlobalSection(ProjectConfigurationPlatforms) = postSolution
		{621EA910-6869-4DCA-B312-4FF15A424844}.Debug|Any CPU.ActiveCfg = Debug|Any CPU
		{621EA910-6869-4DCA-B312-4FF15A424844}.Debug|Any CPU.Build.0 = Debug|Any CPU
		{621EA910-6869-4DCA-B312-4FF15A424844}.Release|Any CPU.ActiveCfg = Release|Any CPU
		{621EA910-6869-4DCA-B312-4FF15A424844}.Release|Any CPU.Build.0 = Release|Any CPU
	EndGlobalSection
	GlobalSection(SolutionProperties) = preSolution
		HideSolutionNode = FALSE
	EndGlobalSection
	GlobalSection(ExtensibilityGlobals) = postSolution
		SolutionGuid = {55FEE5E2-1A52-4444-9A25-AA44E8EFFEF4}
	EndGlobalSection
EndGlobal
