
Microsoft Visual Studio Solution File, Format Version 12.00
# Visual Studio Version 17
VisualStudioVersion = 17.11.35222.181
MinimumVisualStudioVersion = 10.0.40219.1
Project("{FAE04EC0-301F-11D3-BF4B-00C04F79EFBC}") = "Console App", "Console App\Console App.csproj", "{E4A17894-6719-4CBF-9DA0-3DE86529369A}"
EndProject
Global
	GlobalSection(SolutionConfigurationPlatforms) = preSolution
		Debug|Any CPU = Debug|Any CPU
		Release|Any CPU = Release|Any CPU
	EndGlobalSection
	GlobalSection(ProjectConfigurationPlatforms) = postSolution
		{E4A17894-6719-4CBF-9DA0-3DE86529369A}.Debug|Any CPU.ActiveCfg = Debug|Any CPU
		{E4A17894-6719-4CBF-9DA0-3DE86529369A}.Debug|Any CPU.Build.0 = Debug|Any CPU
		{E4A17894-6719-4CBF-9DA0-3DE86529369A}.Release|Any CPU.ActiveCfg = Release|Any CPU
		{E4A17894-6719-4CBF-9DA0-3DE86529369A}.Release|Any CPU.Build.0 = Release|Any CPU
	EndGlobalSection
	GlobalSection(SolutionProperties) = preSolution
		HideSolutionNode = FALSE
	EndGlobalSection
	GlobalSection(ExtensibilityGlobals) = postSolution
		SolutionGuid = {0E251100-6607-4637-B678-16FA51DF3C92}
	EndGlobalSection
EndGlobal
